
Microsoft Visual Studio Solution File, Format Version 12.00
# Visual Studio Version 16
VisualStudioVersion = 16.0.33927.289
MinimumVisualStudioVersion = 10.0.40219.1
Project("{FAE04EC0-301F-11D3-BF4B-00C04F79EFBC}") = "Progetto_Market_Admin", "Progetto_Market_Admin\Progetto_Market_Admin.csproj", "{C6CC4F87-9A73-43A7-A809-AF8E81CE0840}"
EndProject
Global
	GlobalSection(SolutionConfigurationPlatforms) = preSolution
		Debug|Any CPU = Debug|Any CPU
		Release|Any CPU = Release|Any CPU
	EndGlobalSection
	GlobalSection(ProjectConfigurationPlatforms) = postSolution
		{C6CC4F87-9A73-43A7-A809-AF8E81CE0840}.Debug|Any CPU.ActiveCfg = Debug|Any CPU
		{C6CC4F87-9A73-43A7-A809-AF8E81CE0840}.Debug|Any CPU.Build.0 = Debug|Any CPU
		{C6CC4F87-9A73-43A7-A809-AF8E81CE0840}.Release|Any CPU.ActiveCfg = Release|Any CPU
		{C6CC4F87-9A73-43A7-A809-AF8E81CE0840}.Release|Any CPU.Build.0 = Release|Any CPU
	EndGlobalSection
	GlobalSection(SolutionProperties) = preSolution
		HideSolutionNode = FALSE
	EndGlobalSection
	GlobalSection(ExtensibilityGlobals) = postSolution
		SolutionGuid = {48966D61-2947-4A3A-802D-C607C8F45780}
	EndGlobalSection
EndGlobal
